
Microsoft Visual Studio Solution File, Format Version 12.00
# Visual Studio Version 17
VisualStudioVersion = 17.3.32825.248
MinimumVisualStudioVersion = 10.0.40219.1
Project("{FAE04EC0-301F-11D3-BF4B-00C04F79EFBC}") = "ProjetoPucBackEnd", "ProjetoPucBackEnd\ProjetoPucBackEnd.csproj", "{3ABFCFA8-607C-440F-A3F9-99DC3C503909}"
EndProject
Global
	GlobalSection(SolutionConfigurationPlatforms) = preSolution
		Debug|Any CPU = Debug|Any CPU
		Release|Any CPU = Release|Any CPU
	EndGlobalSection
	GlobalSection(ProjectConfigurationPlatforms) = postSolution
		{3ABFCFA8-607C-440F-A3F9-99DC3C503909}.Debug|Any CPU.ActiveCfg = Debug|Any CPU
		{3ABFCFA8-607C-440F-A3F9-99DC3C503909}.Debug|Any CPU.Build.0 = Debug|Any CPU
		{3ABFCFA8-607C-440F-A3F9-99DC3C503909}.Release|Any CPU.ActiveCfg = Release|Any CPU
		{3ABFCFA8-607C-440F-A3F9-99DC3C503909}.Release|Any CPU.Build.0 = Release|Any CPU
	EndGlobalSection
	GlobalSection(SolutionProperties) = preSolution
		HideSolutionNode = FALSE
	EndGlobalSection
	GlobalSection(ExtensibilityGlobals) = postSolution
		SolutionGuid = {F9DE253B-F6CE-4F7E-BFEF-E97AA3235D8F}
	EndGlobalSection
EndGlobal
